
Microsoft Visual Studio Solution File, Format Version 12.00
# Visual Studio Version 16
VisualStudioVersion = 16.0.30717.126
MinimumVisualStudioVersion = 10.0.40219.1
Project("{FAE04EC0-301F-11D3-BF4B-00C04F79EFBC}") = "AndroidApp", "AndroidApp\AndroidApp.csproj", "{C9AA777D-E941-4239-9E85-854D148F1664}"
EndProject
Project("{FAE04EC0-301F-11D3-BF4B-00C04F79EFBC}") = "AndroidClassLibrary", "AndroidClassLibrary\AndroidClassLibrary.csproj", "{A7A08454-A648-4CB2-A991-5BA61FE64D77}"
EndProject
Global
	GlobalSection(SolutionConfigurationPlatforms) = preSolution
		Debug|Any CPU = Debug|Any CPU
		Release|Any CPU = Release|Any CPU
	EndGlobalSection
	GlobalSection(ProjectConfigurationPlatforms) = postSolution
		{C9AA777D-E941-4239-9E85-854D148F1664}.Debug|Any CPU.ActiveCfg = Debug|Any CPU
		{C9AA777D-E941-4239-9E85-854D148F1664}.Debug|Any CPU.Build.0 = Debug|Any CPU
		{C9AA777D-E941-4239-9E85-854D148F1664}.Debug|Any CPU.Deploy.0 = Debug|Any CPU
		{C9AA777D-E941-4239-9E85-854D148F1664}.Release|Any CPU.ActiveCfg = Release|Any CPU
		{C9AA777D-E941-4239-9E85-854D148F1664}.Release|Any CPU.Build.0 = Release|Any CPU
		{C9AA777D-E941-4239-9E85-854D148F1664}.Release|Any CPU.Deploy.0 = Release|Any CPU
		{A7A08454-A648-4CB2-A991-5BA61FE64D77}.Debug|Any CPU.ActiveCfg = Debug|Any CPU
		{A7A08454-A648-4CB2-A991-5BA61FE64D77}.Debug|Any CPU.Build.0 = Debug|Any CPU
		{A7A08454-A648-4CB2-A991-5BA61FE64D77}.Release|Any CPU.ActiveCfg = Release|Any CPU
		{A7A08454-A648-4CB2-A991-5BA61FE64D77}.Release|Any CPU.Build.0 = Release|Any CPU
	EndGlobalSection
	GlobalSection(SolutionProperties) = preSolution
		HideSolutionNode = FALSE
	EndGlobalSection
	GlobalSection(ExtensibilityGlobals) = postSolution
		SolutionGuid = {E438276C-895D-4A57-830C-BE28A4C4B1FC}
	EndGlobalSection
EndGlobal
